# This file is automatically @generated by Cargo.
# It is not intended for manual editing.
version = 3

[[package]]
name = "nslice"
version = "0.1.0"
source = "git+https://github.com/ValynTyler/nslice-rs.git#3618f07e2c0a3073c8e2773b628b9e09f82af4fb"

[[package]]
name = "tui-renderer"
version = "0.1.0"
source = "git+https://github.com/ValynTyler/tui-renderer.git#c5c59e2735caa561229727f4fe5e184dc875ee6d"

[[package]]
name = "unicode-box-builder"
version = "0.1.0"
dependencies = [
 "nslice",
 "tui-renderer",
]
